lockfileVersion: '9.0'

settings:
  autoInstallPeers: true
  excludeLinksFromLockfile: false

importers:

  .:
    dependencies:
      '@atcute/client':
        specifier: ^4.0.3
        version: 4.0.3

packages:

  '@atcute/client@4.0.3':
    resolution: {integrity: sha512-RIOZWFVLca/HiPAAUDqQPOdOreCxTbL5cb+WUf5yqQOKIu5yEAP3eksinmlLmgIrlr5qVOE7brazUUzaskFCfw==}

  '@atcute/identity@1.0.3':
    resolution: {integrity: sha512-mNMxbKHFGys03A8JXKk0KfMBzdd0vrYMzZZWjpw1nYTs0+ea6bo5S1hwqVUZxHdo1gFHSe/t63jxQIF4yL9aKw==}

  '@atcute/lexicons@1.1.0':
    resolution: {integrity: sha512-LFqwnria78xLYb62Ri/+WwQpUTgZp2DuyolNGIIOV1dpiKhFFFh//nscHMA6IExFLQRqWDs3tTjy7zv0h3sf1Q==}

  '@badrap/valita@0.4.6':
    resolution: {integrity: sha512-4kdqcjyxo/8RQ8ayjms47HCWZIF5981oE5nIenbfThKDxWXtEHKipAOWlflpPJzZx9y/JWYQkp18Awr7VuepFg==}
    engines: {node: '>= 18'}

  esm-env@1.2.2:
    resolution: {integrity: sha512-Epxrv+Nr/CaL4ZcFGPJIYLWFom+YeV1DqMLHJoEd9SYRxNbaFruBwfEX/kkHUJf55j2+TUbmDcmuilbP1TmXHA==}

snapshots:

  '@atcute/client@4.0.3':
    dependencies:
      '@atcute/identity': 1.0.3
      '@atcute/lexicons': 1.1.0

  '@atcute/identity@1.0.3':
    dependencies:
      '@atcute/lexicons': 1.1.0
      '@badrap/valita': 0.4.6

  '@atcute/lexicons@1.1.0':
    dependencies:
      esm-env: 1.2.2

  '@badrap/valita@0.4.6': {}

  esm-env@1.2.2: {}
