lockfileVersion: '9.0'

settings:
  autoInstallPeers: true
  excludeLinksFromLockfile: false

importers:

  .:
    dependencies:
      '@atcute/bluesky':
        specifier: ^3.3.0
        version: 3.3.0
      '@atcute/client':
        specifier: ^4.2.1
        version: 4.2.1
      '@atcute/lexicons':
        specifier: ^1.2.9
        version: 1.2.9
      minify:
        specifier: ^15.2.0
        version: 15.2.0(@emnapi/core@1.9.2)(@emnapi/runtime@1.9.2)
    devDependencies:
      '@types/minify':
        specifier: ^9.1.4
        version: 9.1.4
      '@types/node':
        specifier: ^25.5.2
        version: 25.5.2
      prettier:
        specifier: ^3.8.1
        version: 3.8.1

packages:

  '@atcute/atproto@3.1.10':
    resolution: {integrity: sha512-+GKZpOc0PJcdWMQEkTfg/rSNDAAHxmAUGBl60g2az15etqJn5WaUPNGFE2sB7hKpwi5Ue2h/L0OacINcE/JDDQ==}

  '@atcute/bluesky@3.3.0':
    resolution: {integrity: sha512-TrLnlxuD6F/D2ZYzJ3aCiRD0yiFuhmVsd6oULNzzr8V9Xzlufg0yxkRiGmbMiF2iI508y/MFi6vzo625301c5A==}

  '@atcute/client@4.2.1':
    resolution: {integrity: sha512-ZBFM2pW075JtgGFu5g7HHZBecrClhlcNH8GVP9Zz1aViWR+cjjBsTpeE63rJs+FCOHFYlirUyo5L8SGZ4kMINw==}

  '@atcute/identity@1.1.4':
    resolution: {integrity: sha512-RCw1IqflfuSYCxK5m0lZCm0UnvIzcUnuhngiBhJEJb9a9Mc2SEf1xP3H8N5r8pvEH1LoAYd6/zrvCNU+uy9esw==}

  '@atcute/lexicons@1.2.9':
    resolution: {integrity: sha512-/RRHm2Cw9o8Mcsrq0eo8fjS9okKYLGfuFwrQ0YoP/6sdSDsXshaTLJsvLlcUcaDaSJ1YFOuHIo3zr2Om2F/16g==}

  '@atcute/uint8array@1.1.1':
    resolution: {integrity: sha512-3LsC8XB8TKe9q/5hOA5sFuzGaIFdJZJNewC5OKa3o/eU6+K7JR6see9Zy2JbQERNVnRl11EzbNov1efgLMAs4g==}

  '@atcute/util-text@1.2.0':
    resolution: {integrity: sha512-b8WSh+Z7K601eUFFmTFj8QPKDO8Ic0VDDj63sdKzpkm+ySQKsYT5nXekViGqFVKbyKj1V5FyvZvgXad6/aI4QQ==}

  '@badrap/valita@0.4.6':
    resolution: {integrity: sha512-4kdqcjyxo/8RQ8ayjms47HCWZIF5981oE5nIenbfThKDxWXtEHKipAOWlflpPJzZx9y/JWYQkp18Awr7VuepFg==}
    engines: {node: '>= 18'}

  '@emnapi/core@1.9.2':
    resolution: {integrity: sha512-UC+ZhH3XtczQYfOlu3lNEkdW/p4dsJ1r/bP7H8+rhao3TTTMO1ATq/4DdIi23XuGoFY+Cz0JmCbdVl0hz9jZcA==}

  '@emnapi/runtime@1.9.2':
    resolution: {integrity: sha512-3U4+MIWHImeyu1wnmVygh5WlgfYDtyf0k8AbLhMFxOipihf6nrWC4syIm/SwEeec0mNSafiiNnMJwbza/Is6Lw==}

  '@emnapi/wasi-threads@1.2.1':
    resolution: {integrity: sha512-uTII7OYF+/Mes/MrcIOYp5yOtSMLBWSIoLPpcgwipoiKbli6k322tcoFsxoIIxPDqW01SQGAgko4EzZi2BNv2w==}

  '@esbuild/aix-ppc64@0.27.7':
    resolution: {integrity: sha512-EKX3Qwmhz1eMdEJokhALr0YiD0lhQNwDqkPYyPhiSwKrh7/4KRjQc04sZ8db+5DVVnZ1LmbNDI1uAMPEUBnQPg==}
    engines: {node: '>=18'}
    cpu: [ppc64]
    os: [aix]

  '@esbuild/android-arm64@0.27.7':
    resolution: {integrity: sha512-62dPZHpIXzvChfvfLJow3q5dDtiNMkwiRzPylSCfriLvZeq0a1bWChrGx/BbUbPwOrsWKMn8idSllklzBy+dgQ==}
    engines: {node: '>=18'}
    cpu: [arm64]
    os: [android]

  '@esbuild/android-arm@0.27.7':
    resolution: {integrity: sha512-jbPXvB4Yj2yBV7HUfE2KHe4GJX51QplCN1pGbYjvsyCZbQmies29EoJbkEc+vYuU5o45AfQn37vZlyXy4YJ8RQ==}
    engines: {node: '>=18'}
    cpu: [arm]
    os: [android]

  '@esbuild/android-x64@0.27.7':
    resolution: {integrity: sha512-x5VpMODneVDb70PYV2VQOmIUUiBtY3D3mPBG8NxVk5CogneYhkR7MmM3yR/uMdITLrC1ml/NV1rj4bMJuy9MCg==}
    engines: {node: '>=18'}
    cpu: [x64]
    os: [android]

  '@esbuild/darwin-arm64@0.27.7':
    resolution: {integrity: sha512-5lckdqeuBPlKUwvoCXIgI2D9/ABmPq3Rdp7IfL70393YgaASt7tbju3Ac+ePVi3KDH6N2RqePfHnXkaDtY9fkw==}
    engines: {node: '>=18'}
    cpu: [arm64]
    os: [darwin]

  '@esbuild/darwin-x64@0.27.7':
    resolution: {integrity: sha512-rYnXrKcXuT7Z+WL5K980jVFdvVKhCHhUwid+dDYQpH+qu+TefcomiMAJpIiC2EM3Rjtq0sO3StMV/+3w3MyyqQ==}
    engines: {node: '>=18'}
    cpu: [x64]
    os: [darwin]

  '@esbuild/freebsd-arm64@0.27.7':
    resolution: {integrity: sha512-B48PqeCsEgOtzME2GbNM2roU29AMTuOIN91dsMO30t+Ydis3z/3Ngoj5hhnsOSSwNzS+6JppqWsuhTp6E82l2w==}
    engines: {node: '>=18'}
    cpu: [arm64]
    os: [freebsd]

  '@esbuild/freebsd-x64@0.27.7':
    resolution: {integrity: sha512-jOBDK5XEjA4m5IJK3bpAQF9/Lelu/Z9ZcdhTRLf4cajlB+8VEhFFRjWgfy3M1O4rO2GQ/b2dLwCUGpiF/eATNQ==}
    engines: {node: '>=18'}
    cpu: [x64]
    os: [freebsd]

  '@esbuild/linux-arm64@0.27.7':
    resolution: {integrity: sha512-RZPHBoxXuNnPQO9rvjh5jdkRmVizktkT7TCDkDmQ0W2SwHInKCAV95GRuvdSvA7w4VMwfCjUiPwDi0ZO6Nfe9A==}
    engines: {node: '>=18'}
    cpu: [arm64]
    os: [linux]

  '@esbuild/linux-arm@0.27.7':
    resolution: {integrity: sha512-RkT/YXYBTSULo3+af8Ib0ykH8u2MBh57o7q/DAs3lTJlyVQkgQvlrPTnjIzzRPQyavxtPtfg0EopvDyIt0j1rA==}
    engines: {node: '>=18'}
    cpu: [arm]
    os: [linux]

  '@esbuild/linux-ia32@0.27.7':
    resolution: {integrity: sha512-GA48aKNkyQDbd3KtkplYWT102C5sn/EZTY4XROkxONgruHPU72l+gW+FfF8tf2cFjeHaRbWpOYa/uRBz/Xq1Pg==}
    engines: {node: '>=18'}
    cpu: [ia32]
    os: [linux]

  '@esbuild/linux-loong64@0.27.7':
    resolution: {integrity: sha512-a4POruNM2oWsD4WKvBSEKGIiWQF8fZOAsycHOt6JBpZ+JN2n2JH9WAv56SOyu9X5IqAjqSIPTaJkqN8F7XOQ5Q==}
    engines: {node: '>=18'}
    cpu: [loong64]
    os: [linux]

  '@esbuild/linux-mips64el@0.27.7':
    resolution: {integrity: sha512-KabT5I6StirGfIz0FMgl1I+R1H73Gp0ofL9A3nG3i/cYFJzKHhouBV5VWK1CSgKvVaG4q1RNpCTR2LuTVB3fIw==}
    engines: {node: '>=18'}
    cpu: [mips64el]
    os: [linux]

  '@esbuild/linux-ppc64@0.27.7':
    resolution: {integrity: sha512-gRsL4x6wsGHGRqhtI+ifpN/vpOFTQtnbsupUF5R5YTAg+y/lKelYR1hXbnBdzDjGbMYjVJLJTd2OFmMewAgwlQ==}
    engines: {node: '>=18'}
    cpu: [ppc64]
    os: [linux]

  '@esbuild/linux-riscv64@0.27.7':
    resolution: {integrity: sha512-hL25LbxO1QOngGzu2U5xeXtxXcW+/GvMN3ejANqXkxZ/opySAZMrc+9LY/WyjAan41unrR3YrmtTsUpwT66InQ==}
    engines: {node: '>=18'}
    cpu: [riscv64]
    os: [linux]

  '@esbuild/linux-s390x@0.27.7':
    resolution: {integrity: sha512-2k8go8Ycu1Kb46vEelhu1vqEP+UeRVj2zY1pSuPdgvbd5ykAw82Lrro28vXUrRmzEsUV0NzCf54yARIK8r0fdw==}
    engines: {node: '>=18'}
    cpu: [s390x]
    os: [linux]

  '@esbuild/linux-x64@0.27.7':
    resolution: {integrity: sha512-hzznmADPt+OmsYzw1EE33ccA+HPdIqiCRq7cQeL1Jlq2gb1+OyWBkMCrYGBJ+sxVzve2ZJEVeePbLM2iEIZSxA==}
    engines: {node: '>=18'}
    cpu: [x64]
    os: [linux]

  '@esbuild/netbsd-arm64@0.27.7':
    resolution: {integrity: sha512-b6pqtrQdigZBwZxAn1UpazEisvwaIDvdbMbmrly7cDTMFnw/+3lVxxCTGOrkPVnsYIosJJXAsILG9XcQS+Yu6w==}
    engines: {node: '>=18'}
    cpu: [arm64]
    os: [netbsd]

  '@esbuild/netbsd-x64@0.27.7':
    resolution: {integrity: sha512-OfatkLojr6U+WN5EDYuoQhtM+1xco+/6FSzJJnuWiUw5eVcicbyK3dq5EeV/QHT1uy6GoDhGbFpprUiHUYggrw==}
    engines: {node: '>=18'}
    cpu: [x64]
    os: [netbsd]

  '@esbuild/openbsd-arm64@0.27.7':
    resolution: {integrity: sha512-AFuojMQTxAz75Fo8idVcqoQWEHIXFRbOc1TrVcFSgCZtQfSdc1RXgB3tjOn/krRHENUB4j00bfGjyl2mJrU37A==}
    engines: {node: '>=18'}
    cpu: [arm64]
    os: [openbsd]

  '@esbuild/openbsd-x64@0.27.7':
    resolution: {integrity: sha512-+A1NJmfM8WNDv5CLVQYJ5PshuRm/4cI6WMZRg1by1GwPIQPCTs1GLEUHwiiQGT5zDdyLiRM/l1G0Pv54gvtKIg==}
    engines: {node: '>=18'}
    cpu: [x64]
    os: [openbsd]

  '@esbuild/openharmony-arm64@0.27.7':
    resolution: {integrity: sha512-+KrvYb/C8zA9CU/g0sR6w2RBw7IGc5J2BPnc3dYc5VJxHCSF1yNMxTV5LQ7GuKteQXZtspjFbiuW5/dOj7H4Yw==}
    engines: {node: '>=18'}
    cpu: [arm64]
    os: [openharmony]

  '@esbuild/sunos-x64@0.27.7':
    resolution: {integrity: sha512-ikktIhFBzQNt/QDyOL580ti9+5mL/YZeUPKU2ivGtGjdTYoqz6jObj6nOMfhASpS4GU4Q/Clh1QtxWAvcYKamA==}
    engines: {node: '>=18'}
    cpu: [x64]
    os: [sunos]

  '@esbuild/win32-arm64@0.27.7':
    resolution: {integrity: sha512-7yRhbHvPqSpRUV7Q20VuDwbjW5kIMwTHpptuUzV+AA46kiPze5Z7qgt6CLCK3pWFrHeNfDd1VKgyP4O+ng17CA==}
    engines: {node: '>=18'}
    cpu: [arm64]
    os: [win32]

  '@esbuild/win32-ia32@0.27.7':
    resolution: {integrity: sha512-SmwKXe6VHIyZYbBLJrhOoCJRB/Z1tckzmgTLfFYOfpMAx63BJEaL9ExI8x7v0oAO3Zh6D/Oi1gVxEYr5oUCFhw==}
    engines: {node: '>=18'}
    cpu: [ia32]
    os: [win32]

  '@esbuild/win32-x64@0.27.7':
    resolution: {integrity: sha512-56hiAJPhwQ1R4i+21FVF7V8kSD5zZTdHcVuRFMW0hn753vVfQN8xlx4uOPT4xoGH0Z/oVATuR82AiqSTDIpaHg==}
    engines: {node: '>=18'}
    cpu: [x64]
    os: [win32]

  '@jridgewell/gen-mapping@0.3.13':
    resolution: {integrity: sha512-2kkt/7niJ6MgEPxF0bYdQ6etZaA+fQvDcLKckhy1yIQOzaoKjBBjSj63/aLVjYE3qhRt5dvM+uUyfCg6UKCBbA==}

  '@jridgewell/resolve-uri@3.1.2':
    resolution: {integrity: sha512-bRISgCIjP20/tbWSPWMEi54QVPRZExkuD9lJL+UIxUKtwVJA8wW1Trb1jMs1RFXo1CBTNZ/5hpC9QvmKWdopKw==}
    engines: {node: '>=6.0.0'}

  '@jridgewell/source-map@0.3.11':
    resolution: {integrity: sha512-ZMp1V8ZFcPG5dIWnQLr3NSI1MiCU7UETdS/A0G8V/XWHvJv3ZsFqutJn1Y5RPmAPX6F3BiE397OqveU/9NCuIA==}

  '@jridgewell/sourcemap-codec@1.5.5':
    resolution: {integrity: sha512-cYQ9310grqxueWbl+WuIUIaiUaDcj7WOq5fVhEljNVgRfOUhY9fy2zTvfoqWsnebh8Sl70VScFbICvJnLKB0Og==}

  '@jridgewell/trace-mapping@0.3.31':
    resolution: {integrity: sha512-zzNR+SdQSDJzc8joaeP8QQoCQr8NuYx2dIIytl1QeBEZHJ9uW6hebsrYgbz8hJwUQao3TWCMtmfV8Nu1twOLAw==}

  '@napi-rs/wasm-runtime@1.1.2':
    resolution: {integrity: sha512-sNXv5oLJ7ob93xkZ1XnxisYhGYXfaG9f65/ZgYuAu3qt7b3NadcOEhLvx28hv31PgX8SZJRYrAIPQilQmFpLVw==}
    peerDependencies:
      '@emnapi/core': ^1.7.1
      '@emnapi/runtime': ^1.7.1

  '@oxc-minify/binding-android-arm-eabi@0.116.0':
    resolution: {integrity: sha512-xJRj6ygJ9PYIqp7RBWylb0U5OdSHFFbETkXKMic9EVfFuMm7PpOsvs+5n6Dhp9XjAlHswcyBVoh2N/zzg/1lNw==}
    engines: {node: ^20.19.0 || >=22.12.0}
    cpu: [arm]
    os: [android]

  '@oxc-minify/binding-android-arm64@0.116.0':
    resolution: {integrity: sha512-4cMIwsMG+ie62tGKUbmqSWkqHXTb6vjAB0l6XHQRec5BFatn+x6btPbu1tZ0e4khxYHXusd3vRyLdfYpya8Qrg==}
    engines: {node: ^20.19.0 || >=22.12.0}
    cpu: [arm64]
    os: [android]

  '@oxc-minify/binding-darwin-arm64@0.116.0':
    resolution: {integrity: sha512-03+i13fHa7SPuTfHaQ2eDnqxfv0XPzMAw7TpN4FpblGH+m+e6IvfDfpj/xT/zzvgRdFV8cBtLZ49bX50ZDmHAA==}
    engines: {node: ^20.19.0 || >=22.12.0}
    cpu: [arm64]
    os: [darwin]

  '@oxc-minify/binding-darwin-x64@0.116.0':
    resolution: {integrity: sha512-ICNEKYEgJw4UX1MQEshQLJNz5tIDImQMgoA7HHzLO2Z0Y2M6oQlsyFfoSMuc3lO4EPK6PrNRxuFBtt3wc8dd9g==}
    engines: {node: ^20.19.0 || >=22.12.0}
    cpu: [x64]
    os: [darwin]

  '@oxc-minify/binding-freebsd-x64@0.116.0':
    resolution: {integrity: sha512-J5y2cTphLSiTD8IAidxYDjdrklweXZh5FdAGCDnL9fh02cAc8g2ZXa53TNRdPsjnYXIEH5w4SvMzf63hDd+ezw==}
    engines: {node: ^20.19.0 || >=22.12.0}
    cpu: [x64]
    os: [freebsd]

  '@oxc-minify/binding-linux-arm-gnueabihf@0.116.0':
    resolution: {integrity: sha512-thcu4qGtNHt3/SRB2xcJEMG9xxJIuflbWAzXJPLAhZugNmJS0ttcmIvDfvJQ2MJ+PSssZOtX7Gxu/5blTiaBEg==}
    engines: {node: ^20.19.0 || >=22.12.0}
    cpu: [arm]
    os: [linux]

  '@oxc-minify/binding-linux-arm-musleabihf@0.116.0':
    resolution: {integrity: sha512-mru7IDG/VDty51FBTnqAgjgeXM2x+1NadU1y26gq1U46WqO+ISrcdESlmHGp8tnMpj7rFGGk3kbmEoCDR8UQBg==}
    engines: {node: ^20.19.0 || >=22.12.0}
    cpu: [arm]
    os: [linux]

  '@oxc-minify/binding-linux-arm64-gnu@0.116.0':
    resolution: {integrity: sha512-1CIngrhxBd+tZ30JSpTc7R2b2YvMx3UMJZUjGQfXfZJQHya8s2nxfZXQszmQZFbtUzD789JZkcYrW8wl+xg//Q==}
    engines: {node: ^20.19.0 || >=22.12.0}
    cpu: [arm64]
    os: [linux]

  '@oxc-minify/binding-linux-arm64-musl@0.116.0':
    resolution: {integrity: sha512-Xz/yCEAlJ/eT1DAmOIiJLSh0OwJE+8XkKMwTwL4hxL+pcJMpIXMBg1t1VIgHc561DmWxw//s5RPXqON+DRAkig==}
    engines: {node: ^20.19.0 || >=22.12.0}
    cpu: [arm64]
    os: [linux]

  '@oxc-minify/binding-linux-ppc64-gnu@0.116.0':
    resolution: {integrity: sha512-Qk88V65XjhyrYcRZv/k6fHI7/c2lpYSOYeWgrRnqXNDryZ1oU3eZbJP7bgcZf+YCXHWg0SwJ3rZJuFmi+/Ml0Q==}
    engines: {node: ^20.19.0 || >=22.12.0}
    cpu: [ppc64]
    os: [linux]

  '@oxc-minify/binding-linux-riscv64-gnu@0.116.0':
    resolution: {integrity: sha512-1NlzrKgKgsvJg+8dtXGHZLdKLXmr6JSt6/7S6KCjG/FW2MZfjfiEnHbwW9U6iVpkmKlD73UDJsoyMQWGOZO6fQ==}
    engines: {node: ^20.19.0 || >=22.12.0}
    cpu: [riscv64]
    os: [linux]

  '@oxc-minify/binding-linux-riscv64-musl@0.116.0':
    resolution: {integrity: sha512-7sesJpftUQAFyMhnrdC2EoKWnsXeqC87A3spco5knPNfm90yzFYvpGGzBquJnWWwXHI5gplfDPYkiVrOP3AcRw==}
    engines: {node: ^20.19.0 || >=22.12.0}
    cpu: [riscv64]
    os: [linux]

  '@oxc-minify/binding-linux-s390x-gnu@0.116.0':
    resolution: {integrity: sha512-Npe3A85+TLU1wK0BanMoJJhCAGIqM8SzKmteABxaBwjyfzQr4HtbOU/Boem6MoPegALIRNo0XHbR04Vby6wxSQ==}
    engines: {node: ^20.19.0 || >=22.12.0}
    cpu: [s390x]
    os: [linux]

  '@oxc-minify/binding-linux-x64-gnu@0.116.0':
    resolution: {integrity: sha512-1Ed/oZXVmgMSccgi6nBYC7ezqYjPhDRWHbdVJGNoXFcC6I138KHp/tTUWaqQNxtvwE1NrkYViaxnl7Gvq9Cjdg==}
    engines: {node: ^20.19.0 || >=22.12.0}
    cpu: [x64]
    os: [linux]

  '@oxc-minify/binding-linux-x64-musl@0.116.0':
    resolution: {integrity: sha512-QlXCrfdh3NFdKcBFUCgQvXc3Wp6xSonlZh0h8oZGBardy9d3IiIwDS7geXZkpFrpaU63kMmbt/vEB9elDCag4A==}
    engines: {node: ^20.19.0 || >=22.12.0}
    cpu: [x64]
    os: [linux]

  '@oxc-minify/binding-openharmony-arm64@0.116.0':
    resolution: {integrity: sha512-b+IcvnKIfy44E35Oo+x5cbzp41odP2uoXLC+jNgkZCn3kwa/rlGc/mmT6l9INdNIGA+pK7MyZjZWSOYZZNk/3g==}
    engines: {node: ^20.19.0 || >=22.12.0}
    cpu: [arm64]
    os: [openharmony]

  '@oxc-minify/binding-wasm32-wasi@0.116.0':
    resolution: {integrity: sha512-WM4olmljUhhXwAZP/4UPOHxmQTczWBCFKv0IoPXhIWdoowJWhdiPOAn8Yq9PvZ7yupdVsJdyt2Jaf3zCNuwVrA==}
    engines: {node: '>=14.0.0'}
    cpu: [wasm32]

  '@oxc-minify/binding-win32-arm64-msvc@0.116.0':
    resolution: {integrity: sha512-wNARwIEz1iBSwn6PitToCGQRfM/7KcutxeL/POXtA9pGxtniw2bksq1Fiov+ESGBjtOk8GGAN02yftC6WhzGSw==}
    engines: {node: ^20.19.0 || >=22.12.0}
    cpu: [arm64]
    os: [win32]

  '@oxc-minify/binding-win32-ia32-msvc@0.116.0':
    resolution: {integrity: sha512-H9yR4/P+lZfqTsGPiKTnnZnXInzeiBCGyUi6Tv3nvQhMsiM1liLKgJ1konR0YaOMYxpObG5Qu0TKQ/8uufldZA==}
    engines: {node: ^20.19.0 || >=22.12.0}
    cpu: [ia32]
    os: [win32]

  '@oxc-minify/binding-win32-x64-msvc@0.116.0':
    resolution: {integrity: sha512-mGRIhi37Eh/YjvImseaNqCo0sv8aUBR69BKb65Oh4qAuk+hWzY5GyfEFUCQ1Dt6tmdLmi2R+4aaFWIzDJIzSVA==}
    engines: {node: ^20.19.0 || >=22.12.0}
    cpu: [x64]
    os: [win32]

  '@putout/minify@6.0.7':
    resolution: {integrity: sha512-rUjSKqBVXLkqU3cK+MVV8Zo5XcR3dyufEDlUp8wgD9sGYF+Ab+CoQB+zfOOfBV1gqPFFhEixnlNHbSVQHxzoTQ==}
    engines: {node: '>=22'}

  '@standard-schema/spec@1.1.0':
    resolution: {integrity: sha512-l2aFy5jALhniG5HgqrD6jXLi/rUWrKvqN/qJx6yoJsgKhblVd+iqqU4RCXavm/jPityDo5TCvKMnpjKnOriy0w==}

  '@swc/core-darwin-arm64@1.15.21':
    resolution: {integrity: sha512-SA8SFg9dp0qKRH8goWsax6bptFE2EdmPf2YRAQW9WoHGf3XKM1bX0nd5UdwxmC5hXsBUZAYf7xSciCler6/oyA==}
    engines: {node: '>=10'}
    cpu: [arm64]
    os: [darwin]

  '@swc/core-darwin-x64@1.15.21':
    resolution: {integrity: sha512-//fOVntgowz9+V90lVsNCtyyrtbHp3jWH6Rch7MXHXbcvbLmbCTmssl5DeedUWLLGiAAW1wksBdqdGYOTjaNLw==}
    engines: {node: '>=10'}
    cpu: [x64]
    os: [darwin]

  '@swc/core-linux-arm-gnueabihf@1.15.21':
    resolution: {integrity: sha512-meNI4Sh6h9h8DvIfEc0l5URabYMSuNvyisLmG6vnoYAS43s8ON3NJR8sDHvdP7NJTrLe0q/x2XCn6yL/BeHcZg==}
    engines: {node: '>=10'}
    cpu: [arm]
    os: [linux]

  '@swc/core-linux-arm64-gnu@1.15.21':
    resolution: {integrity: sha512-QrXlNQnHeXqU2EzLlnsPoWEh8/GtNJLvfMiPsDhk+ht6Xv8+vhvZ5YZ/BokNWSIZiWPKLAqR0M7T92YF5tmD3g==}
    engines: {node: '>=10'}
    cpu: [arm64]
    os: [linux]

  '@swc/core-linux-arm64-musl@1.15.21':
    resolution: {integrity: sha512-8/yGCMO333ultDaMQivE5CjO6oXDPeeg1IV4sphojPkb0Pv0i6zvcRIkgp60xDB+UxLr6VgHgt+BBgqS959E9g==}
    engines: {node: '>=10'}
    cpu: [arm64]
    os: [linux]

  '@swc/core-linux-ppc64-gnu@1.15.21':
    resolution: {integrity: sha512-ucW0HzPx0s1dgRvcvuLSPSA/2Kk/VYTv9st8qe1Kc22Gu0Q0rH9+6TcBTmMuNIp0Xs4BPr1uBttmbO1wEGI49Q==}
    engines: {node: '>=10'}
    cpu: [ppc64]
    os: [linux]

  '@swc/core-linux-s390x-gnu@1.15.21':
    resolution: {integrity: sha512-ulTnOGc5I7YRObE/9NreAhQg94QkiR5qNhhcUZ1iFAYjzg/JGAi1ch+s/Ixe61pMIr8bfVrF0NOaB0f8wjaAfA==}
    engines: {node: '>=10'}
    cpu: [s390x]
    os: [linux]

  '@swc/core-linux-x64-gnu@1.15.21':
    resolution: {integrity: sha512-D0RokxtM+cPvSqJIKR6uja4hbD+scI9ezo95mBhfSyLUs9wnPPl26sLp1ZPR/EXRdYm3F3S6RUtVi+8QXhT24Q==}
    engines: {node: '>=10'}
    cpu: [x64]
    os: [linux]

  '@swc/core-linux-x64-musl@1.15.21':
    resolution: {integrity: sha512-nER8u7VeRfmU6fMDzl1NQAbbB/G7O2avmvCOwIul1uGkZ2/acbPH+DCL9h5+0yd/coNcxMBTL6NGepIew+7C2w==}
    engines: {node: '>=10'}
    cpu: [x64]
    os: [linux]

  '@swc/core-win32-arm64-msvc@1.15.21':
    resolution: {integrity: sha512-+/AgNBnjYugUA8C0Do4YzymgvnGbztv7j8HKSQLvR/DQgZPoXQ2B3PqB2mTtGh/X5DhlJWiqnunN35JUgWcAeQ==}
    engines: {node: '>=10'}
    cpu: [arm64]
    os: [win32]

  '@swc/core-win32-ia32-msvc@1.15.21':
    resolution: {integrity: sha512-IkSZj8PX/N4HcaFhMQtzmkV8YSnuNoJ0E6OvMwFiOfejPhiKXvl7CdDsn1f4/emYEIDO3fpgZW9DTaCRMDxaDA==}
    engines: {node: '>=10'}
    cpu: [ia32]
    os: [win32]

  '@swc/core-win32-x64-msvc@1.15.21':
    resolution: {integrity: sha512-zUyWso7OOENB6e1N1hNuNn8vbvLsTdKQ5WKLgt/JcBNfJhKy/6jmBmqI3GXk/MyvQKd5SLvP7A0F36p7TeDqvw==}
    engines: {node: '>=10'}
    cpu: [x64]
    os: [win32]

  '@swc/core@1.15.21':
    resolution: {integrity: sha512-fkk7NJcBscrR3/F8jiqlMptRHP650NxqDnspBMrRe5d8xOoCy9MLL5kOBLFXjFLfMo3KQQHhk+/jUULOMlR1uQ==}
    engines: {node: '>=10'}
    peerDependencies:
      '@swc/helpers': '>=0.5.17'
    peerDependenciesMeta:
      '@swc/helpers':
        optional: true

  '@swc/counter@0.1.3':
    resolution: {integrity: sha512-e2BR4lsJkkRlKZ/qCHPw9ZaSxc0MVUd7gtbtaB7aMvHeJVYe8sOB8DBZkP2DtISHGSku9sCK6T6cnY0CtXrOCQ==}

  '@swc/types@0.1.26':
    resolution: {integrity: sha512-lyMwd7WGgG79RS7EERZV3T8wMdmPq3xwyg+1nmAM64kIhx5yl+juO2PYIHb7vTiPgPCj8LYjsNV2T5wiQHUEaw==}

  '@tybys/wasm-util@0.10.1':
    resolution: {integrity: sha512-9tTaPJLSiejZKx+Bmog4uSubteqTvFrVrURwkmHixBo0G4seD0zUxp98E1DzUBJxLQ3NPwXrGKDiVjwx/DpPsg==}

  '@types/clean-css@4.2.11':
    resolution: {integrity: sha512-Y8n81lQVTAfP2TOdtJJEsCoYl1AnOkqDqMvXb9/7pfgZZ7r8YrEyurrAvAoAjHOGXKRybay+5CsExqIH6liccw==}

  '@types/html-minifier-terser@7.0.2':
    resolution: {integrity: sha512-mm2HqV22l8lFQh4r2oSsOEVea+m0qqxEmwpc9kC1p/XzmjLWrReR9D/GRs8Pex2NX/imyEH9c5IU/7tMBQCHOA==}

  '@types/minify@9.1.4':
    resolution: {integrity: sha512-zrlLe1E5vKMkWcyaTNpgmuRceT3gyq7arehpUg6CDHmpgO6gT0eb3YHNWgM/kT/bNJcpFh0zV6zgnjY594jFBw==}

  '@types/node@25.5.2':
    resolution: {integrity: sha512-tO4ZIRKNC+MDWV4qKVZe3Ql/woTnmHDr5JD8UI5hn2pwBrHEwOEMZK7WlNb5RKB6EoJ02gwmQS9OrjuFnZYdpg==}

  acorn@8.16.0:
    resolution: {integrity: sha512-UVJyE9MttOsBQIDKw1skb9nAwQuR5wuGD3+82K6JgJlm/Y+KI92oNsMNGZCYdDsVtRHSak0pcV5Dno5+4jh9sw==}
    engines: {node: '>=0.4.0'}
    hasBin: true

  boolbase@1.0.0:
    resolution: {integrity: sha512-JZOSA7Mo9sNGB8+UjSgzdLtokWAky1zbztM3WRLCbZ70/3cTANmQmOdR7y2g+J0e2WXywy1yS468tY+IruqEww==}

  buffer-from@1.1.2:
    resolution: {integrity: sha512-E+XQCRwSbaaiChtv6k6Dwgc+bx+Bs6vuKJHHl5kox/BaKbhiXzqQOwK4cO22yElGp2OCmjwVhT3HmxgyPGnJfQ==}

  clean-css@5.3.3:
    resolution: {integrity: sha512-D5J+kHaVb/wKSFcyyV75uCn8fiY4sV38XJoe4CUyGQ+mOU/fMVYUdH1hJC+CJQ5uY3EnW27SbJYS4X8BiLrAFg==}
    engines: {node: '>= 10.0'}

  commander@11.1.0:
    resolution: {integrity: sha512-yPVavfyCcRhmorC7rWlkHn15b4wDVgVmBA7kV4QVBsF7kv/9TKJAbAXVTxvTnwP8HHKjRCJDClKbciiYS7p0DQ==}
    engines: {node: '>=16'}

  commander@14.0.3:
    resolution: {integrity: sha512-H+y0Jo/T1RZ9qPP4Eh1pkcQcLRglraJaSLoyOtHxu6AapkjWVCy2Sit1QQ4x3Dng8qDlSsZEet7g5Pq06MvTgw==}
    engines: {node: '>=20'}

  commander@2.20.3:
    resolution: {integrity: sha512-GpVkmM8vF2vQUkj2LvZmD35JxeJOLCwJ9cUkugyk2nuhbv3+mJvpLYYt+0+USMxE+oj+ey/lJEnhZw75x/OMcQ==}

  css-b64-images@0.2.5:
    resolution: {integrity: sha512-TgQBEdP07adhrDfXvI5o6bHGukKBNMzp2Ngckc/6d09zpjD2gc1Hl3Ca1CKgb8FXjHi88+Phv2Uegs2kTL4zjg==}
    hasBin: true

  css-select@5.2.2:
    resolution: {integrity: sha512-TizTzUddG/xYLA3NXodFM0fSbNizXjOKhqiQQwvhlspadZokn1KDy0NZFS0wuEubIYAV5/c1/lAr0TaaFXEXzw==}

  css-tree@2.2.1:
    resolution: {integrity: sha512-OA0mILzGc1kCOCSJerOeqDxDQ4HOh+G8NbOJFOTgOCzpw7fCBubk0fEyxp8AgOL/jvLgYA/uV0cMbe43ElF1JA==}
    engines: {node: ^10 || ^12.20.0 || ^14.13.0 || >=15.0.0, npm: '>=7.0.0'}

  css-tree@3.2.1:
    resolution: {integrity: sha512-X7sjQzceUhu1u7Y/ylrRZFU2FS6LRiFVp6rKLPg23y3x3c3DOKAwuXGDp+PAGjh6CSnCjYeAul8pcT8bAl+lSA==}
    engines: {node: ^10 || ^12.20.0 || ^14.13.0 || >=15.0.0}

  css-what@6.2.2:
    resolution: {integrity: sha512-u/O3vwbptzhMs3L1fQE82ZSLHQQfto5gyZzwteVIEyeaY5Fc7R4dapF/BvRoSYFeqfBk4m0V1Vafq5Pjv25wvA==}
    engines: {node: '>= 6'}

  csso@5.0.5:
    resolution: {integrity: sha512-0LrrStPOdJj+SPCCrGhzryycLjwcgUSHBtxNA8aIDxf0GLsRh1cKYhB00Gd1lDOS4yGH69+SNn13+TWbVHETFQ==}
    engines: {node: ^10 || ^12.20.0 || ^14.13.0 || >=15.0.0, npm: '>=7.0.0'}

  debug@4.4.3:
    resolution: {integrity: sha512-RGwwWnwQvkVfavKVt22FGLw+xYSdzARwm0ru6DhTVA3umU5hZc28V3kO4stgYryrTlLpuvgI9GiijltAjNbcqA==}
    engines: {node: '>=6.0'}
    peerDependencies:
      supports-color: '*'
    peerDependenciesMeta:
      supports-color:
        optional: true

  detect-libc@2.1.2:
    resolution: {integrity: sha512-Btj2BOOO83o3WyH59e8MgXsxEQVcarkUOpEYrubB0urwnN10yQ364rsiByU11nZlqWYZm05i/of7io4mzihBtQ==}
    engines: {node: '>=8'}

  dom-serializer@2.0.0:
    resolution: {integrity: sha512-wIkAryiqt/nV5EQKqQpo3SToSOV9J0DnbJqwK7Wv/Trc92zIAYZ4FlMu+JPFW1DfGFt81ZTCGgDEabffXeLyJg==}

  domelementtype@2.3.0:
    resolution: {integrity: sha512-OLETBj6w0OsagBwdXnPdN0cnMfF9opN69co+7ZrbfPGrdpPVNBUj02spi6B1N7wChLQiPn4CSH/zJvXw56gmHw==}

  domhandler@5.0.3:
    resolution: {integrity: sha512-cgwlv/1iFQiFnU96XXgROh8xTeetsnJiDsTc7TYCLFd9+/WNkIqPTxiM/8pSd8VIrhXGTf1Ny1q1hquVqDJB5w==}
    engines: {node: '>= 4'}

  domutils@3.2.2:
    resolution: {integrity: sha512-6kZKyUajlDuqlHKVX1w7gyslj9MPIXzIFiz/rGu35uC1wMi+kMhQwGhl4lt9unC9Vb9INnY9Z3/ZA3+FhASLaw==}

  entities@4.5.0:
    resolution: {integrity: sha512-V0hjH4dGPh9Ao5p0MoRY6BVqtwCjhz6vI5LT8AJ55H+4g9/4vbHx1I54fS0XuclLhDHArPQCiMjDxjaL8fPxhw==}
    engines: {node: '>=0.12'}

  entities@7.0.1:
    resolution: {integrity: sha512-TWrgLOFUQTH994YUyl1yT4uyavY5nNB5muff+RtWaqNVCAK408b5ZnnbNAUEWLTCpum9w6arT70i1XdQ4UeOPA==}
    engines: {node: '>=0.12'}

  esbuild@0.27.7:
    resolution: {integrity: sha512-IxpibTjyVnmrIQo5aqNpCgoACA/dTKLTlhMHihVHhdkxKyPO1uBBthumT0rdHmcsk9uMonIWS0m4FljWzILh3w==}
    engines: {node: '>=18'}
    hasBin: true

  esm-env@1.2.2:
    resolution: {integrity: sha512-Epxrv+Nr/CaL4ZcFGPJIYLWFom+YeV1DqMLHJoEd9SYRxNbaFruBwfEX/kkHUJf55j2+TUbmDcmuilbP1TmXHA==}

  find-up@8.0.0:
    resolution: {integrity: sha512-JGG8pvDi2C+JxidYdIwQDyS/CgcrIdh18cvgxcBge3wSHRQOrooMD3GlFBcmMJAN9M42SAZjDp5zv1dglJjwww==}
    engines: {node: '>=20'}

  html-minifier-next@5.2.2:
    resolution: {integrity: sha512-oJ9TWgUuLg/7RZeJBQ2JxtG3iCipqu2z4XJjwhy6zYOskK9xCBXoUjHnXNqdohQeiUoDCmcjnrLYc87JmfvXCQ==}
    hasBin: true
    peerDependencies:
      '@swc/core': ^1.15.7
    peerDependenciesMeta:
      '@swc/core':
        optional: true

  jju@1.4.0:
    resolution: {integrity: sha512-8wb9Yw966OSxApiCt0K3yNJL8pnNeIv+OEq2YMidz4FKP6nonSRoOXc80iXY4JaN2FC11B9qsNmDsm+ZOfMROA==}

  lightningcss-android-arm64@1.32.0:
    resolution: {integrity: sha512-YK7/ClTt4kAK0vo6w3X+Pnm0D2cf2vPHbhOXdoNti1Ga0al1P4TBZhwjATvjNwLEBCnKvjJc2jQgHXH0NEwlAg==}
    engines: {node: '>= 12.0.0'}
    cpu: [arm64]
    os: [android]

  lightningcss-darwin-arm64@1.32.0:
    resolution: {integrity: sha512-RzeG9Ju5bag2Bv1/lwlVJvBE3q6TtXskdZLLCyfg5pt+HLz9BqlICO7LZM7VHNTTn/5PRhHFBSjk5lc4cmscPQ==}
    engines: {node: '>= 12.0.0'}
    cpu: [arm64]
    os: [darwin]

  lightningcss-darwin-x64@1.32.0:
    resolution: {integrity: sha512-U+QsBp2m/s2wqpUYT/6wnlagdZbtZdndSmut/NJqlCcMLTWp5muCrID+K5UJ6jqD2BFshejCYXniPDbNh73V8w==}
    engines: {node: '>= 12.0.0'}
    cpu: [x64]
    os: [darwin]

  lightningcss-freebsd-x64@1.32.0:
    resolution: {integrity: sha512-JCTigedEksZk3tHTTthnMdVfGf61Fky8Ji2E4YjUTEQX14xiy/lTzXnu1vwiZe3bYe0q+SpsSH/CTeDXK6WHig==}
    engines: {node: '>= 12.0.0'}
    cpu: [x64]
    os: [freebsd]

  lightningcss-linux-arm-gnueabihf@1.32.0:
    resolution: {integrity: sha512-x6rnnpRa2GL0zQOkt6rts3YDPzduLpWvwAF6EMhXFVZXD4tPrBkEFqzGowzCsIWsPjqSK+tyNEODUBXeeVHSkw==}
    engines: {node: '>= 12.0.0'}
    cpu: [arm]
    os: [linux]

  lightningcss-linux-arm64-gnu@1.32.0:
    resolution: {integrity: sha512-0nnMyoyOLRJXfbMOilaSRcLH3Jw5z9HDNGfT/gwCPgaDjnx0i8w7vBzFLFR1f6CMLKF8gVbebmkUN3fa/kQJpQ==}
    engines: {node: '>= 12.0.0'}
    cpu: [arm64]
    os: [linux]

  lightningcss-linux-arm64-musl@1.32.0:
    resolution: {integrity: sha512-UpQkoenr4UJEzgVIYpI80lDFvRmPVg6oqboNHfoH4CQIfNA+HOrZ7Mo7KZP02dC6LjghPQJeBsvXhJod/wnIBg==}
    engines: {node: '>= 12.0.0'}
    cpu: [arm64]
    os: [linux]

  lightningcss-linux-x64-gnu@1.32.0:
    resolution: {integrity: sha512-V7Qr52IhZmdKPVr+Vtw8o+WLsQJYCTd8loIfpDaMRWGUZfBOYEJeyJIkqGIDMZPwPx24pUMfwSxxI8phr/MbOA==}
    engines: {node: '>= 12.0.0'}
    cpu: [x64]
    os: [linux]

  lightningcss-linux-x64-musl@1.32.0:
    resolution: {integrity: sha512-bYcLp+Vb0awsiXg/80uCRezCYHNg1/l3mt0gzHnWV9XP1W5sKa5/TCdGWaR/zBM2PeF/HbsQv/j2URNOiVuxWg==}
    engines: {node: '>= 12.0.0'}
    cpu: [x64]
    os: [linux]

  lightningcss-win32-arm64-msvc@1.32.0:
    resolution: {integrity: sha512-8SbC8BR40pS6baCM8sbtYDSwEVQd4JlFTOlaD3gWGHfThTcABnNDBda6eTZeqbofalIJhFx0qKzgHJmcPTnGdw==}
    engines: {node: '>= 12.0.0'}
    cpu: [arm64]
    os: [win32]

  lightningcss-win32-x64-msvc@1.32.0:
    resolution: {integrity: sha512-Amq9B/SoZYdDi1kFrojnoqPLxYhQ4Wo5XiL8EVJrVsB8ARoC1PWW6VGtT0WKCemjy8aC+louJnjS7U18x3b06Q==}
    engines: {node: '>= 12.0.0'}
    cpu: [x64]
    os: [win32]

  lightningcss@1.32.0:
    resolution: {integrity: sha512-NXYBzinNrblfraPGyrbPoD19C1h9lfI/1mzgWYvXUTe414Gz/X1FD2XBZSZM7rRTrMA8JL3OtAaGifrIKhQ5yQ==}
    engines: {node: '>= 12.0.0'}

  locate-path@8.0.0:
    resolution: {integrity: sha512-XT9ewWAC43tiAV7xDAPflMkG0qOPn2QjHqlgX8FOqmWa/rxnyYDulF9T0F7tRy1u+TVTmK/M//6VIOye+2zDXg==}
    engines: {node: '>=20'}

  mdn-data@2.0.28:
    resolution: {integrity: sha512-aylIc7Z9y4yzHYAJNuESG3hfhC+0Ibp/MAMiaOZgNv4pmEdFyfZhhhny4MNiAfWdBQ1RQ2mfDWmM1x8SvGyp8g==}

  mdn-data@2.27.1:
    resolution: {integrity: sha512-9Yubnt3e8A0OKwxYSXyhLymGW4sCufcLG6VdiDdUGVkPhpqLxlvP5vl1983gQjJl3tqbrM731mjaZaP68AgosQ==}

  minify@15.2.0:
    resolution: {integrity: sha512-8syAQ9x4vGx4YgmsqaN2kefkxWzR7ET4IxYRC6iLWLImINsxwYMYXzx1jj/uOtbs0eVEI578H5KDgl+bPl3s+w==}
    engines: {node: '>=22'}
    hasBin: true

  montag@1.2.1:
    resolution: {integrity: sha512-YFuR6t5KhDlmAnUmVSxGzNcpWqSDqxbd95tvnEnn7X9yFv7g3kDFoRjwyGayVdF/NNoWk7YW7IxUjilnGnoC5Q==}

  ms@2.1.3:
    resolution: {integrity: sha512-6FlzubTLZG3J2a/NVCAleEhjzq5oxgHyaCU9yYXvcLsvoVaHJq/s5xXI6/XXP6tz7R9xAOtHnSO/tXtF3WRTlA==}

  nth-check@2.1.1:
    resolution: {integrity: sha512-lqjrjmaOoAnWfMmBPL+XNnynZh2+swxiX3WUE0s4yEHI6m+AwrK2UZOimIRl3X/4QctVqS8AiZjFqyOGrMXb/w==}

  oxc-minify@0.116.0:
    resolution: {integrity: sha512-QgwBX/I81xEsKaD0/M5OsLbuKUx48F2nnJnQrpAgCDOpqjfm8AdF/bbtmrGM9YmsSUsAxGTh+Va10ImlwUVwww==}
    engines: {node: ^20.19.0 || >=22.12.0}

  p-limit@4.0.0:
    resolution: {integrity: sha512-5b0R4txpzjPWVw/cXXUResoD4hb6U/x9BH08L7nw+GN1sezDzPdxeRvpc9c433fZhBan/wusjbCsqwqm4EIBIQ==}
    engines: {node: ^12.20.0 || ^14.13.1 || >=16.0.0}

  p-locate@6.0.0:
    resolution: {integrity: sha512-wPrq66Llhl7/4AGC6I+cqxT07LhXvWL08LNXz1fENOw0Ap4sRZZ/gZpTTJ5jpurzzzfS2W/Ge9BY3LgLjCShcw==}
    engines: {node: ^12.20.0 || ^14.13.1 || >=16.0.0}

  picocolors@1.1.1:
    resolution: {integrity: sha512-xceH2snhtb5M9liqDsmEw56le376mTZkEX/jEb/RxNFyegNul7eNslCXP9FDj/Lcu0X8KEyMceP2ntpaHrDEVA==}

  prettier@3.8.1:
    resolution: {integrity: sha512-UOnG6LftzbdaHZcKoPFtOcCKztrQ57WkHDeRD9t/PTQtmT0NHSeWWepj6pS0z/N7+08BHFDQVUrfmfMRcZwbMg==}
    engines: {node: '>=14'}
    hasBin: true

  readjson@2.2.2:
    resolution: {integrity: sha512-PdeC9tsmLWBiL8vMhJvocq+OezQ3HhsH2HrN7YkhfYcTjQSa/iraB15A7Qvt7Xpr0Yd2rDNt6GbFwVQDg3HcAw==}
    engines: {node: '>=10'}

  sax@1.6.0:
    resolution: {integrity: sha512-6R3J5M4AcbtLUdZmRv2SygeVaM7IhrLXu9BmnOGmmACak8fiUtOsYNWUS4uK7upbmHIBbLBeFeI//477BKLBzA==}
    engines: {node: '>=11.0.0'}

  source-map-js@1.2.1:
    resolution: {integrity: sha512-UXWMKhLOwVKb728IUtQPXxfYU+usdybtUrK/8uGE8CQMvrhOpwvzDBwj0QhSL7MQc7vIsISBG8VQ8+IDQxpfQA==}
    engines: {node: '>=0.10.0'}

  source-map-support@0.5.21:
    resolution: {integrity: sha512-uBHU3L3czsIyYXKX88fdrGovxdSCoTGDRZ6SYXtSRxLZUzHg5P/66Ht6uoUlHu9EZod+inXhKo3qQgwXUT/y1w==}

  source-map@0.6.1:
    resolution: {integrity: sha512-UjgapumWlbMhkBgzT7Ykc5YXUT46F0iKu8SGXq0bcwP5dz/h0Plj6enJqjz1Zbq2l5WaqYnrVbwWOWMyF3F47g==}
    engines: {node: '>=0.10.0'}

  svgo@4.0.1:
    resolution: {integrity: sha512-XDpWUOPC6FEibaLzjfe0ucaV0YrOjYotGJO1WpF0Zd+n6ZGEQUsSugaoLq9QkEZtAfQIxT42UChcssDVPP3+/w==}
    engines: {node: '>=16'}
    hasBin: true

  terser@5.46.1:
    resolution: {integrity: sha512-vzCjQO/rgUuK9sf8VJZvjqiqiHFaZLnOiimmUuOKODxWL8mm/xua7viT7aqX7dgPY60otQjUotzFMmCB4VdmqQ==}
    engines: {node: '>=10'}
    hasBin: true

  try-catch@3.0.1:
    resolution: {integrity: sha512-91yfXw1rr/P6oLpHSyHDOHm0vloVvUoo9FVdw8YwY05QjJQG9OT0LUxe2VRAzmHG+0CUOmI3nhxDUMLxDN/NEQ==}
    engines: {node: '>=6'}

  try-catch@4.0.9:
    resolution: {integrity: sha512-tEWGmsfqZ9NBzvDOGbACxu+AaXajM6+RtmIM6wCIkFD6lCa3/UvjNuWjCRoOjn8qTKuZlQmrMh8vSTBMQcceew==}
    engines: {node: '>=22'}

  try-to-catch@4.0.5:
    resolution: {integrity: sha512-VKBslDQsy4pGj2TMNgDdskWb7AWSi/9dPEmcNv3sdL0+aRMQTPJo6aEqlcuN0vbOwFfsE1oAXmx3bFdf6vrJFg==}
    engines: {node: '>=22'}

  tslib@2.8.1:
    resolution: {integrity: sha512-oJFu94HQb+KVduSUQL7wnpmqnfmLsOA/nAh6b6EH0wCEoK0/mPeXU6c3wKDV83MkOuHPRHtSXKKU99IBazS/2w==}

  undici-types@7.18.2:
    resolution: {integrity: sha512-AsuCzffGHJybSaRrmr5eHr81mwJU3kjw6M+uprWvCXiNeN9SOGwQ3Jn8jb8m3Z6izVgknn1R0FTCEAP2QrLY/w==}

  unicode-segmenter@0.14.5:
    resolution: {integrity: sha512-jHGmj2LUuqDcX3hqY12Ql+uhUTn8huuxNZGq7GvtF6bSybzH3aFgedYu/KTzQStEgt1Ra2F3HxadNXsNjb3m3g==}

  unicorn-magic@0.3.0:
    resolution: {integrity: sha512-+QBBXBCvifc56fsbuxZQ6Sic3wqqc3WWaqxs58gvJrcOuN83HGTCwz3oS5phzU9LthRNE9VrJCFCLUgHeeFnfA==}
    engines: {node: '>=18'}

  yocto-queue@1.2.2:
    resolution: {integrity: sha512-4LCcse/U2MHZ63HAJVE+v71o7yOdIe4cZ70Wpf8D/IyjDKYQLV5GD46B+hSTjJsvV5PztjvHoU580EftxjDZFQ==}
    engines: {node: '>=12.20'}

snapshots:

  '@atcute/atproto@3.1.10':
    dependencies:
      '@atcute/lexicons': 1.2.9

  '@atcute/bluesky@3.3.0':
    dependencies:
      '@atcute/atproto': 3.1.10
      '@atcute/lexicons': 1.2.9

  '@atcute/client@4.2.1':
    dependencies:
      '@atcute/identity': 1.1.4
      '@atcute/lexicons': 1.2.9

  '@atcute/identity@1.1.4':
    dependencies:
      '@atcute/lexicons': 1.2.9
      '@badrap/valita': 0.4.6

  '@atcute/lexicons@1.2.9':
    dependencies:
      '@atcute/uint8array': 1.1.1
      '@atcute/util-text': 1.2.0
      '@standard-schema/spec': 1.1.0
      esm-env: 1.2.2

  '@atcute/uint8array@1.1.1': {}

  '@atcute/util-text@1.2.0':
    dependencies:
      unicode-segmenter: 0.14.5

  '@badrap/valita@0.4.6': {}

  '@emnapi/core@1.9.2':
    dependencies:
      '@emnapi/wasi-threads': 1.2.1
      tslib: 2.8.1
    optional: true

  '@emnapi/runtime@1.9.2':
    dependencies:
      tslib: 2.8.1
    optional: true

  '@emnapi/wasi-threads@1.2.1':
    dependencies:
      tslib: 2.8.1
    optional: true

  '@esbuild/aix-ppc64@0.27.7':
    optional: true

  '@esbuild/android-arm64@0.27.7':
    optional: true

  '@esbuild/android-arm@0.27.7':
    optional: true

  '@esbuild/android-x64@0.27.7':
    optional: true

  '@esbuild/darwin-arm64@0.27.7':
    optional: true

  '@esbuild/darwin-x64@0.27.7':
    optional: true

  '@esbuild/freebsd-arm64@0.27.7':
    optional: true

  '@esbuild/freebsd-x64@0.27.7':
    optional: true

  '@esbuild/linux-arm64@0.27.7':
    optional: true

  '@esbuild/linux-arm@0.27.7':
    optional: true

  '@esbuild/linux-ia32@0.27.7':
    optional: true

  '@esbuild/linux-loong64@0.27.7':
    optional: true

  '@esbuild/linux-mips64el@0.27.7':
    optional: true

  '@esbuild/linux-ppc64@0.27.7':
    optional: true

  '@esbuild/linux-riscv64@0.27.7':
    optional: true

  '@esbuild/linux-s390x@0.27.7':
    optional: true

  '@esbuild/linux-x64@0.27.7':
    optional: true

  '@esbuild/netbsd-arm64@0.27.7':
    optional: true

  '@esbuild/netbsd-x64@0.27.7':
    optional: true

  '@esbuild/openbsd-arm64@0.27.7':
    optional: true

  '@esbuild/openbsd-x64@0.27.7':
    optional: true

  '@esbuild/openharmony-arm64@0.27.7':
    optional: true

  '@esbuild/sunos-x64@0.27.7':
    optional: true

  '@esbuild/win32-arm64@0.27.7':
    optional: true

  '@esbuild/win32-ia32@0.27.7':
    optional: true

  '@esbuild/win32-x64@0.27.7':
    optional: true

  '@jridgewell/gen-mapping@0.3.13':
    dependencies:
      '@jridgewell/sourcemap-codec': 1.5.5
      '@jridgewell/trace-mapping': 0.3.31

  '@jridgewell/resolve-uri@3.1.2': {}

  '@jridgewell/source-map@0.3.11':
    dependencies:
      '@jridgewell/gen-mapping': 0.3.13
      '@jridgewell/trace-mapping': 0.3.31

  '@jridgewell/sourcemap-codec@1.5.5': {}

  '@jridgewell/trace-mapping@0.3.31':
    dependencies:
      '@jridgewell/resolve-uri': 3.1.2
      '@jridgewell/sourcemap-codec': 1.5.5

  '@napi-rs/wasm-runtime@1.1.2(@emnapi/core@1.9.2)(@emnapi/runtime@1.9.2)':
    dependencies:
      '@emnapi/core': 1.9.2
      '@emnapi/runtime': 1.9.2
      '@tybys/wasm-util': 0.10.1
    optional: true

  '@oxc-minify/binding-android-arm-eabi@0.116.0':
    optional: true

  '@oxc-minify/binding-android-arm64@0.116.0':
    optional: true

  '@oxc-minify/binding-darwin-arm64@0.116.0':
    optional: true

  '@oxc-minify/binding-darwin-x64@0.116.0':
    optional: true

  '@oxc-minify/binding-freebsd-x64@0.116.0':
    optional: true

  '@oxc-minify/binding-linux-arm-gnueabihf@0.116.0':
    optional: true

  '@oxc-minify/binding-linux-arm-musleabihf@0.116.0':
    optional: true

  '@oxc-minify/binding-linux-arm64-gnu@0.116.0':
    optional: true

  '@oxc-minify/binding-linux-arm64-musl@0.116.0':
    optional: true

  '@oxc-minify/binding-linux-ppc64-gnu@0.116.0':
    optional: true

  '@oxc-minify/binding-linux-riscv64-gnu@0.116.0':
    optional: true

  '@oxc-minify/binding-linux-riscv64-musl@0.116.0':
    optional: true

  '@oxc-minify/binding-linux-s390x-gnu@0.116.0':
    optional: true

  '@oxc-minify/binding-linux-x64-gnu@0.116.0':
    optional: true

  '@oxc-minify/binding-linux-x64-musl@0.116.0':
    optional: true

  '@oxc-minify/binding-openharmony-arm64@0.116.0':
    optional: true

  '@oxc-minify/binding-wasm32-wasi@0.116.0(@emnapi/core@1.9.2)(@emnapi/runtime@1.9.2)':
    dependencies:
      '@napi-rs/wasm-runtime': 1.1.2(@emnapi/core@1.9.2)(@emnapi/runtime@1.9.2)
    transitivePeerDependencies:
      - '@emnapi/core'
      - '@emnapi/runtime'
    optional: true

  '@oxc-minify/binding-win32-arm64-msvc@0.116.0':
    optional: true

  '@oxc-minify/binding-win32-ia32-msvc@0.116.0':
    optional: true

  '@oxc-minify/binding-win32-x64-msvc@0.116.0':
    optional: true

  '@putout/minify@6.0.7': {}

  '@standard-schema/spec@1.1.0': {}

  '@swc/core-darwin-arm64@1.15.21':
    optional: true

  '@swc/core-darwin-x64@1.15.21':
    optional: true

  '@swc/core-linux-arm-gnueabihf@1.15.21':
    optional: true

  '@swc/core-linux-arm64-gnu@1.15.21':
    optional: true

  '@swc/core-linux-arm64-musl@1.15.21':
    optional: true

  '@swc/core-linux-ppc64-gnu@1.15.21':
    optional: true

  '@swc/core-linux-s390x-gnu@1.15.21':
    optional: true

  '@swc/core-linux-x64-gnu@1.15.21':
    optional: true

  '@swc/core-linux-x64-musl@1.15.21':
    optional: true

  '@swc/core-win32-arm64-msvc@1.15.21':
    optional: true

  '@swc/core-win32-ia32-msvc@1.15.21':
    optional: true

  '@swc/core-win32-x64-msvc@1.15.21':
    optional: true

  '@swc/core@1.15.21':
    dependencies:
      '@swc/counter': 0.1.3
      '@swc/types': 0.1.26
    optionalDependencies:
      '@swc/core-darwin-arm64': 1.15.21
      '@swc/core-darwin-x64': 1.15.21
      '@swc/core-linux-arm-gnueabihf': 1.15.21
      '@swc/core-linux-arm64-gnu': 1.15.21
      '@swc/core-linux-arm64-musl': 1.15.21
      '@swc/core-linux-ppc64-gnu': 1.15.21
      '@swc/core-linux-s390x-gnu': 1.15.21
      '@swc/core-linux-x64-gnu': 1.15.21
      '@swc/core-linux-x64-musl': 1.15.21
      '@swc/core-win32-arm64-msvc': 1.15.21
      '@swc/core-win32-ia32-msvc': 1.15.21
      '@swc/core-win32-x64-msvc': 1.15.21

  '@swc/counter@0.1.3': {}

  '@swc/types@0.1.26':
    dependencies:
      '@swc/counter': 0.1.3

  '@tybys/wasm-util@0.10.1':
    dependencies:
      tslib: 2.8.1
    optional: true

  '@types/clean-css@4.2.11':
    dependencies:
      '@types/node': 25.5.2
      source-map: 0.6.1

  '@types/html-minifier-terser@7.0.2': {}

  '@types/minify@9.1.4':
    dependencies:
      '@types/clean-css': 4.2.11
      '@types/html-minifier-terser': 7.0.2
      terser: 5.46.1

  '@types/node@25.5.2':
    dependencies:
      undici-types: 7.18.2

  acorn@8.16.0: {}

  boolbase@1.0.0: {}

  buffer-from@1.1.2: {}

  clean-css@5.3.3:
    dependencies:
      source-map: 0.6.1

  commander@11.1.0: {}

  commander@14.0.3: {}

  commander@2.20.3: {}

  css-b64-images@0.2.5: {}

  css-select@5.2.2:
    dependencies:
      boolbase: 1.0.0
      css-what: 6.2.2
      domhandler: 5.0.3
      domutils: 3.2.2
      nth-check: 2.1.1

  css-tree@2.2.1:
    dependencies:
      mdn-data: 2.0.28
      source-map-js: 1.2.1

  css-tree@3.2.1:
    dependencies:
      mdn-data: 2.27.1
      source-map-js: 1.2.1

  css-what@6.2.2: {}

  csso@5.0.5:
    dependencies:
      css-tree: 2.2.1

  debug@4.4.3:
    dependencies:
      ms: 2.1.3

  detect-libc@2.1.2: {}

  dom-serializer@2.0.0:
    dependencies:
      domelementtype: 2.3.0
      domhandler: 5.0.3
      entities: 4.5.0

  domelementtype@2.3.0: {}

  domhandler@5.0.3:
    dependencies:
      domelementtype: 2.3.0

  domutils@3.2.2:
    dependencies:
      dom-serializer: 2.0.0
      domelementtype: 2.3.0
      domhandler: 5.0.3

  entities@4.5.0: {}

  entities@7.0.1: {}

  esbuild@0.27.7:
    optionalDependencies:
      '@esbuild/aix-ppc64': 0.27.7
      '@esbuild/android-arm': 0.27.7
      '@esbuild/android-arm64': 0.27.7
      '@esbuild/android-x64': 0.27.7
      '@esbuild/darwin-arm64': 0.27.7
      '@esbuild/darwin-x64': 0.27.7
      '@esbuild/freebsd-arm64': 0.27.7
      '@esbuild/freebsd-x64': 0.27.7
      '@esbuild/linux-arm': 0.27.7
      '@esbuild/linux-arm64': 0.27.7
      '@esbuild/linux-ia32': 0.27.7
      '@esbuild/linux-loong64': 0.27.7
      '@esbuild/linux-mips64el': 0.27.7
      '@esbuild/linux-ppc64': 0.27.7
      '@esbuild/linux-riscv64': 0.27.7
      '@esbuild/linux-s390x': 0.27.7
      '@esbuild/linux-x64': 0.27.7
      '@esbuild/netbsd-arm64': 0.27.7
      '@esbuild/netbsd-x64': 0.27.7
      '@esbuild/openbsd-arm64': 0.27.7
      '@esbuild/openbsd-x64': 0.27.7
      '@esbuild/openharmony-arm64': 0.27.7
      '@esbuild/sunos-x64': 0.27.7
      '@esbuild/win32-arm64': 0.27.7
      '@esbuild/win32-ia32': 0.27.7
      '@esbuild/win32-x64': 0.27.7

  esm-env@1.2.2: {}

  find-up@8.0.0:
    dependencies:
      locate-path: 8.0.0
      unicorn-magic: 0.3.0

  html-minifier-next@5.2.2(@swc/core@1.15.21):
    dependencies:
      commander: 14.0.3
      entities: 7.0.1
      lightningcss: 1.32.0
      svgo: 4.0.1
      terser: 5.46.1
    optionalDependencies:
      '@swc/core': 1.15.21

  jju@1.4.0: {}

  lightningcss-android-arm64@1.32.0:
    optional: true

  lightningcss-darwin-arm64@1.32.0:
    optional: true

  lightningcss-darwin-x64@1.32.0:
    optional: true

  lightningcss-freebsd-x64@1.32.0:
    optional: true

  lightningcss-linux-arm-gnueabihf@1.32.0:
    optional: true

  lightningcss-linux-arm64-gnu@1.32.0:
    optional: true

  lightningcss-linux-arm64-musl@1.32.0:
    optional: true

  lightningcss-linux-x64-gnu@1.32.0:
    optional: true

  lightningcss-linux-x64-musl@1.32.0:
    optional: true

  lightningcss-win32-arm64-msvc@1.32.0:
    optional: true

  lightningcss-win32-x64-msvc@1.32.0:
    optional: true

  lightningcss@1.32.0:
    dependencies:
      detect-libc: 2.1.2
    optionalDependencies:
      lightningcss-android-arm64: 1.32.0
      lightningcss-darwin-arm64: 1.32.0
      lightningcss-darwin-x64: 1.32.0
      lightningcss-freebsd-x64: 1.32.0
      lightningcss-linux-arm-gnueabihf: 1.32.0
      lightningcss-linux-arm64-gnu: 1.32.0
      lightningcss-linux-arm64-musl: 1.32.0
      lightningcss-linux-x64-gnu: 1.32.0
      lightningcss-linux-x64-musl: 1.32.0
      lightningcss-win32-arm64-msvc: 1.32.0
      lightningcss-win32-x64-msvc: 1.32.0

  locate-path@8.0.0:
    dependencies:
      p-locate: 6.0.0

  mdn-data@2.0.28: {}

  mdn-data@2.27.1: {}

  minify@15.2.0(@emnapi/core@1.9.2)(@emnapi/runtime@1.9.2):
    dependencies:
      '@putout/minify': 6.0.7
      '@swc/core': 1.15.21
      clean-css: 5.3.3
      css-b64-images: 0.2.5
      debug: 4.4.3
      esbuild: 0.27.7
      find-up: 8.0.0
      html-minifier-next: 5.2.2(@swc/core@1.15.21)
      lightningcss: 1.32.0
      montag: 1.2.1
      oxc-minify: 0.116.0(@emnapi/core@1.9.2)(@emnapi/runtime@1.9.2)
      readjson: 2.2.2
      terser: 5.46.1
      try-catch: 4.0.9
      try-to-catch: 4.0.5
    transitivePeerDependencies:
      - '@emnapi/core'
      - '@emnapi/runtime'
      - '@swc/helpers'
      - supports-color

  montag@1.2.1: {}

  ms@2.1.3: {}

  nth-check@2.1.1:
    dependencies:
      boolbase: 1.0.0

  oxc-minify@0.116.0(@emnapi/core@1.9.2)(@emnapi/runtime@1.9.2):
    optionalDependencies:
      '@oxc-minify/binding-android-arm-eabi': 0.116.0
      '@oxc-minify/binding-android-arm64': 0.116.0
      '@oxc-minify/binding-darwin-arm64': 0.116.0
      '@oxc-minify/binding-darwin-x64': 0.116.0
      '@oxc-minify/binding-freebsd-x64': 0.116.0
      '@oxc-minify/binding-linux-arm-gnueabihf': 0.116.0
      '@oxc-minify/binding-linux-arm-musleabihf': 0.116.0
      '@oxc-minify/binding-linux-arm64-gnu': 0.116.0
      '@oxc-minify/binding-linux-arm64-musl': 0.116.0
      '@oxc-minify/binding-linux-ppc64-gnu': 0.116.0
      '@oxc-minify/binding-linux-riscv64-gnu': 0.116.0
      '@oxc-minify/binding-linux-riscv64-musl': 0.116.0
      '@oxc-minify/binding-linux-s390x-gnu': 0.116.0
      '@oxc-minify/binding-linux-x64-gnu': 0.116.0
      '@oxc-minify/binding-linux-x64-musl': 0.116.0
      '@oxc-minify/binding-openharmony-arm64': 0.116.0
      '@oxc-minify/binding-wasm32-wasi': 0.116.0(@emnapi/core@1.9.2)(@emnapi/runtime@1.9.2)
      '@oxc-minify/binding-win32-arm64-msvc': 0.116.0
      '@oxc-minify/binding-win32-ia32-msvc': 0.116.0
      '@oxc-minify/binding-win32-x64-msvc': 0.116.0
    transitivePeerDependencies:
      - '@emnapi/core'
      - '@emnapi/runtime'

  p-limit@4.0.0:
    dependencies:
      yocto-queue: 1.2.2

  p-locate@6.0.0:
    dependencies:
      p-limit: 4.0.0

  picocolors@1.1.1: {}

  prettier@3.8.1: {}

  readjson@2.2.2:
    dependencies:
      jju: 1.4.0
      try-catch: 3.0.1

  sax@1.6.0: {}

  source-map-js@1.2.1: {}

  source-map-support@0.5.21:
    dependencies:
      buffer-from: 1.1.2
      source-map: 0.6.1

  source-map@0.6.1: {}

  svgo@4.0.1:
    dependencies:
      commander: 11.1.0
      css-select: 5.2.2
      css-tree: 3.2.1
      css-what: 6.2.2
      csso: 5.0.5
      picocolors: 1.1.1
      sax: 1.6.0

  terser@5.46.1:
    dependencies:
      '@jridgewell/source-map': 0.3.11
      acorn: 8.16.0
      commander: 2.20.3
      source-map-support: 0.5.21

  try-catch@3.0.1: {}

  try-catch@4.0.9: {}

  try-to-catch@4.0.5: {}

  tslib@2.8.1:
    optional: true

  undici-types@7.18.2: {}

  unicode-segmenter@0.14.5: {}

  unicorn-magic@0.3.0: {}

  yocto-queue@1.2.2: {}
